{
  "name": "if-diff",
  "version": "0.0.4",
  "lockfileVersion": 1,
  "requires": true,
  "dependencies": {
    "xtal-latx": {
      "version": "0.0.60",
      "resolved": "https://registry.npmjs.org/xtal-latx/-/xtal-latx-0.0.60.tgz",
      "integrity": "sha512-5e1j+ugjUuUVDFldvrsh5jmR96/bSQ6Q7NiBq6OjspA4JaVPf4NicMEv6/sK5wwTiVAC/bTflzRzWE01OcGRkQ=="
    }
  }
}
